Microsoft Visual Studio Solution File, Format Version 11.00
# Visual Studio 2008

Project("{0AF02596-2E42-DA0A-D18F-18830D6D971A}") = "3D_puzzle1_ColorChangePlatforms", "Assembly-CSharp-firstpass.csproj", "{4ACFDA1B-D42A-A948-D826-D739982268C6}"
EndProject
Project("{0AF02596-2E42-DA0A-D18F-18830D6D971A}") = "3D_puzzle1_ColorChangePlatforms", "Assembly-CSharp.csproj", "{A1CCC5B2-9080-E97F-C6B5-7E13CA04AE65}"
EndProject
Project("{0AF02596-2E42-DA0A-D18F-18830D6D971A}") = "3D_puzzle1_ColorChangePlatforms", "Assembly-CSharp-Editor.csproj", "{22EC06EA-9B06-A32B-3335-C17E1E2794D4}"
EndProject
Project("{0AF02596-2E42-DA0A-D18F-18830D6D971A}") = "3D_puzzle1_ColorChangePlatforms", "Assembly-UnityScript-firstpass.unityproj", "{B25861A0-A03B-B716-3167-BE48798C6CD4}"
EndProject
Global
	GlobalSection(SolutionConfigurationPlatforms) = preSolution
		Debug|Any CPU = Debug|Any CPU
		Release|Any CPU = Release|Any CPU
	EndGlobalSection
	GlobalSection(ProjectConfigurationPlatforms) = postSolution
		{4ACFDA1B-D42A-A948-D826-D739982268C6}.Debug|Any CPU.ActiveCfg = Debug|Any CPU
		{4ACFDA1B-D42A-A948-D826-D739982268C6}.Debug|Any CPU.Build.0 = Debug|Any CPU
		{4ACFDA1B-D42A-A948-D826-D739982268C6}.Release|Any CPU.ActiveCfg = Release|Any CPU
		{4ACFDA1B-D42A-A948-D826-D739982268C6}.Release|Any CPU.Build.0 = Release|Any CPU
		{A1CCC5B2-9080-E97F-C6B5-7E13CA04AE65}.Debug|Any CPU.ActiveCfg = Debug|Any CPU
		{A1CCC5B2-9080-E97F-C6B5-7E13CA04AE65}.Debug|Any CPU.Build.0 = Debug|Any CPU
		{A1CCC5B2-9080-E97F-C6B5-7E13CA04AE65}.Release|Any CPU.ActiveCfg = Release|Any CPU
		{A1CCC5B2-9080-E97F-C6B5-7E13CA04AE65}.Release|Any CPU.Build.0 = Release|Any CPU
		{22EC06EA-9B06-A32B-3335-C17E1E2794D4}.Debug|Any CPU.ActiveCfg = Debug|Any CPU
		{22EC06EA-9B06-A32B-3335-C17E1E2794D4}.Debug|Any CPU.Build.0 = Debug|Any CPU
		{22EC06EA-9B06-A32B-3335-C17E1E2794D4}.Release|Any CPU.ActiveCfg = Release|Any CPU
		{22EC06EA-9B06-A32B-3335-C17E1E2794D4}.Release|Any CPU.Build.0 = Release|Any CPU
		{B25861A0-A03B-B716-3167-BE48798C6CD4}.Debug|Any CPU.ActiveCfg = Debug|Any CPU
		{B25861A0-A03B-B716-3167-BE48798C6CD4}.Debug|Any CPU.Build.0 = Debug|Any CPU
		{B25861A0-A03B-B716-3167-BE48798C6CD4}.Release|Any CPU.ActiveCfg = Release|Any CPU
		{B25861A0-A03B-B716-3167-BE48798C6CD4}.Release|Any CPU.Build.0 = Release|Any CPU
	EndGlobalSection
	GlobalSection(SolutionProperties) = preSolution
		HideSolutionNode = FALSE
	EndGlobalSection
							GlobalSection(MonoDevelopProperties) = preSolution
		StartupItem = Assembly-CSharp.csproj
		Policies = $0
		$0.TextStylePolicy = $1
		$1.inheritsSet = null
		$1.scope = text/x-csharp
		$0.CSharpFormattingPolicy = $2
		$2.inheritsSet = Mono
		$2.inheritsScope = text/x-csharp
		$2.scope = text/x-csharp
		$0.TextStylePolicy = $3
		$3.FileWidth = 120
		$3.TabWidth = 4
		$3.EolMarker = Unix
		$3.inheritsSet = Mono
		$3.inheritsScope = text/plain
		$3.scope = text/plain
	EndGlobalSection

EndGlobal
